
Microsoft Visual Studio Solution File, Format Version 12.00
# Visual Studio 2012
Project("{FAE04EC0-301F-11D3-BF4B-00C04F79EFBC}") = "Get-DellWarranty", "Get-DellWarranty\Get-DellWarranty.csproj", "{DD9B0FBE-FE7F-42A7-9A96-B264CFD5E323}"
EndProject
Global
	GlobalSection(SolutionConfigurationPlatforms) = preSolution
		Debug|Any CPU = Debug|Any CPU
		Release|Any CPU = Release|Any CPU
	EndGlobalSection
	GlobalSection(ProjectConfigurationPlatforms) = postSolution
		{DD9B0FBE-FE7F-42A7-9A96-B264CFD5E323}.Debug|Any CPU.ActiveCfg = Debug|Any CPU
		{DD9B0FBE-FE7F-42A7-9A96-B264CFD5E323}.Debug|Any CPU.Build.0 = Debug|Any CPU
		{DD9B0FBE-FE7F-42A7-9A96-B264CFD5E323}.Release|Any CPU.ActiveCfg = Release|Any CPU
		{DD9B0FBE-FE7F-42A7-9A96-B264CFD5E323}.Release|Any CPU.Build.0 = Release|Any CPU
	EndGlobalSection
	GlobalSection(SolutionProperties) = preSolution
		HideSolutionNode = FALSE
	EndGlobalSection
EndGlobal
